{
  "name": "simon",
  "version": "1.0.0",
  "lockfileVersion": 1,
  "requires": true,
  "dependencies": {
    "workbox-sw": {
      "version": "3.6.3",
      "resolved": "https://registry.npmjs.org/workbox-sw/-/workbox-sw-3.6.3.tgz",
      "integrity": "sha512-IQOUi+RLhvYCiv80RP23KBW/NTtIvzvjex28B8NW1jOm+iV4VIu3VXKXTA6er5/wjjuhmtB28qEAUqADLAyOSg=="
    }
  }
}
